
Microsoft Visual Studio Solution File, Format Version 12.00
# Visual Studio 15
VisualStudioVersion = 15.0.28307.902
MinimumVisualStudioVersion = 10.0.40219.1
Project("{FAE04EC0-301F-11D3-BF4B-00C04F79EFBC}") = "QYYH", "QYYH\QYYH.csproj", "{A9595816-F75C-4FE2-9A35-A1E9AD418FD6}"
EndProject
Global
	GlobalSection(SolutionConfigurationPlatforms) = preSolution
		Debug|Any CPU = Debug|Any CPU
		Release|Any CPU = Release|Any CPU
	EndGlobalSection
	GlobalSection(ProjectConfigurationPlatforms) = postSolution
		{A9595816-F75C-4FE2-9A35-A1E9AD418FD6}.Debug|Any CPU.ActiveCfg = Debug|Any CPU
		{A9595816-F75C-4FE2-9A35-A1E9AD418FD6}.Debug|Any CPU.Build.0 = Debug|Any CPU
		{A9595816-F75C-4FE2-9A35-A1E9AD418FD6}.Release|Any CPU.ActiveCfg = Release|Any CPU
		{A9595816-F75C-4FE2-9A35-A1E9AD418FD6}.Release|Any CPU.Build.0 = Release|Any CPU
	EndGlobalSection
	GlobalSection(SolutionProperties) = preSolution
		HideSolutionNode = FALSE
	EndGlobalSection
	GlobalSection(ExtensibilityGlobals) = postSolution
		SolutionGuid = {D79CD02F-D6EB-4FE1-AFD8-A6A37543A139}
	EndGlobalSection
EndGlobal
